
Microsoft Visual Studio Solution File, Format Version 12.00
# Visual Studio 15
VisualStudioVersion = 15.0.26228.9
MinimumVisualStudioVersion = 10.0.40219.1
Project("{FAE04EC0-301F-11D3-BF4B-00C04F79EFBC}") = "LibrarySystem.Data.Models", "LibrarySystem.Data.Models\LibrarySystem.Data.Models.csproj", "{F84310AA-BB8A-4668-BD57-6F7838CC0513}"
EndProject
Project("{FAE04EC0-301F-11D3-BF4B-00C04F79EFBC}") = "LibrarySystem.Common", "LibrarySystem.Common\LibrarySystem.Common.csproj", "{7964DB03-3F63-49FA-9EAE-E22D74EE8C6B}"
EndProject
Project("{FAE04EC0-301F-11D3-BF4B-00C04F79EFBC}") = "LibrarySystem.Data", "LibrarySystem.Data\LibrarySystem.Data.csproj", "{10BC585F-0C1B-49E5-AC33-BC181FD5FD65}"
EndProject
Project("{FAE04EC0-301F-11D3-BF4B-00C04F79EFBC}") = "LibrarySystem.Data.Services", "LibrarySystem.Data.Services\LibrarySystem.Data.Services.csproj", "{462F8703-2A11-41CC-B4C7-4F9061189D2F}"
EndProject
Project("{FAE04EC0-301F-11D3-BF4B-00C04F79EFBC}") = "LibrarySystem.WebFormsClient", "LibrarySystem.WebFormsClient\LibrarySystem.WebFormsClient.csproj", "{43A309CF-A999-47DB-A8BA-97CFBCD87ACF}"
EndProject
Project("{FAE04EC0-301F-11D3-BF4B-00C04F79EFBC}") = "LibrarySystem.Mvp", "LibrarySystem.Mvp\LibrarySystem.Mvp.csproj", "{2B44AE00-CEAC-4B3A-9E40-8033CE080735}"
EndProject
Global
	GlobalSection(SolutionConfigurationPlatforms) = preSolution
		Debug|Any CPU = Debug|Any CPU
		Release|Any CPU = Release|Any CPU
	EndGlobalSection
	GlobalSection(ProjectConfigurationPlatforms) = postSolution
		{F84310AA-BB8A-4668-BD57-6F7838CC0513}.Debug|Any CPU.ActiveCfg = Debug|Any CPU
		{F84310AA-BB8A-4668-BD57-6F7838CC0513}.Debug|Any CPU.Build.0 = Debug|Any CPU
		{F84310AA-BB8A-4668-BD57-6F7838CC0513}.Release|Any CPU.ActiveCfg = Release|Any CPU
		{F84310AA-BB8A-4668-BD57-6F7838CC0513}.Release|Any CPU.Build.0 = Release|Any CPU
		{7964DB03-3F63-49FA-9EAE-E22D74EE8C6B}.Debug|Any CPU.ActiveCfg = Debug|Any CPU
		{7964DB03-3F63-49FA-9EAE-E22D74EE8C6B}.Debug|Any CPU.Build.0 = Debug|Any CPU
		{7964DB03-3F63-49FA-9EAE-E22D74EE8C6B}.Release|Any CPU.ActiveCfg = Release|Any CPU
		{7964DB03-3F63-49FA-9EAE-E22D74EE8C6B}.Release|Any CPU.Build.0 = Release|Any CPU
		{10BC585F-0C1B-49E5-AC33-BC181FD5FD65}.Debug|Any CPU.ActiveCfg = Debug|Any CPU
		{10BC585F-0C1B-49E5-AC33-BC181FD5FD65}.Debug|Any CPU.Build.0 = Debug|Any CPU
		{10BC585F-0C1B-49E5-AC33-BC181FD5FD65}.Release|Any CPU.ActiveCfg = Release|Any CPU
		{10BC585F-0C1B-49E5-AC33-BC181FD5FD65}.Release|Any CPU.Build.0 = Release|Any CPU
		{462F8703-2A11-41CC-B4C7-4F9061189D2F}.Debug|Any CPU.ActiveCfg = Debug|Any CPU
		{462F8703-2A11-41CC-B4C7-4F9061189D2F}.Debug|Any CPU.Build.0 = Debug|Any CPU
		{462F8703-2A11-41CC-B4C7-4F9061189D2F}.Release|Any CPU.ActiveCfg = Release|Any CPU
		{462F8703-2A11-41CC-B4C7-4F9061189D2F}.Release|Any CPU.Build.0 = Release|Any CPU
		{43A309CF-A999-47DB-A8BA-97CFBCD87ACF}.Debug|Any CPU.ActiveCfg = Debug|Any CPU
		{43A309CF-A999-47DB-A8BA-97CFBCD87ACF}.Debug|Any CPU.Build.0 = Debug|Any CPU
		{43A309CF-A999-47DB-A8BA-97CFBCD87ACF}.Release|Any CPU.ActiveCfg = Release|Any CPU
		{43A309CF-A999-47DB-A8BA-97CFBCD87ACF}.Release|Any CPU.Build.0 = Release|Any CPU
		{2B44AE00-CEAC-4B3A-9E40-8033CE080735}.Debug|Any CPU.ActiveCfg = Debug|Any CPU
		{2B44AE00-CEAC-4B3A-9E40-8033CE080735}.Debug|Any CPU.Build.0 = Debug|Any CPU
		{2B44AE00-CEAC-4B3A-9E40-8033CE080735}.Release|Any CPU.ActiveCfg = Release|Any CPU
		{2B44AE00-CEAC-4B3A-9E40-8033CE080735}.Release|Any CPU.Build.0 = Release|Any CPU
	EndGlobalSection
	GlobalSection(SolutionProperties) = preSolution
		HideSolutionNode = FALSE
	EndGlobalSection
EndGlobal
